lockfileVersion: '9.0'

settings:
  autoInstallPeers: true
  excludeLinksFromLockfile: false

importers:

  .:
    dependencies:
      acorn:
        specifier: ^8.14.0
        version: 8.14.0
      browserslist-to-es-version:
        specifier: ^1.0.0
        version: 1.0.0
      htmlparser2:
        specifier: 9.1.0
        version: 9.1.0
      picocolors:
        specifier: ^1.1.1
        version: 1.1.1
      source-map:
        specifier: ^0.7.4
        version: 0.7.4
    devDependencies:
      '@biomejs/biome':
        specifier: ^1.9.4
        version: 1.9.4
      '@playwright/test':
        specifier: ^1.48.2
        version: 1.48.2
      '@rsbuild/core':
        specifier: ^1.1.6
        version: 1.1.6
      '@rslib/core':
        specifier: ^0.1.0
        version: 0.1.0(typescript@5.6.3)
      '@types/node':
        specifier: ^22.8.6
        version: 22.8.6
      nano-staged:
        specifier: ^0.8.0
        version: 0.8.0
      playwright:
        specifier: ^1.48.2
        version: 1.48.2
      simple-git-hooks:
        specifier: ^2.11.1
        version: 2.11.1
      strip-ansi:
        specifier: ^7.1.0
        version: 7.1.0
      typescript:
        specifier: ^5.6.3
        version: 5.6.3
      upath:
        specifier: ^2.0.1
        version: 2.0.1

packages:

  '@biomejs/biome@1.9.4':
    resolution: {integrity: sha512-1rkd7G70+o9KkTn5KLmDYXihGoTaIGO9PIIN2ZB7UJxFrWw04CZHPYiMRjYsaDvVV7hP1dYNRLxSANLaBFGpog==}
    engines: {node: '>=14.21.3'}
    hasBin: true

  '@biomejs/cli-darwin-arm64@1.9.4':
    resolution: {integrity: sha512-bFBsPWrNvkdKrNCYeAp+xo2HecOGPAy9WyNyB/jKnnedgzl4W4Hb9ZMzYNbf8dMCGmUdSavlYHiR01QaYR58cw==}
    engines: {node: '>=14.21.3'}
    cpu: [arm64]
    os: [darwin]

  '@biomejs/cli-darwin-x64@1.9.4':
    resolution: {integrity: sha512-ngYBh/+bEedqkSevPVhLP4QfVPCpb+4BBe2p7Xs32dBgs7rh9nY2AIYUL6BgLw1JVXV8GlpKmb/hNiuIxfPfZg==}
    engines: {node: '>=14.21.3'}
    cpu: [x64]
    os: [darwin]

  '@biomejs/cli-linux-arm64-musl@1.9.4':
    resolution: {integrity: sha512-v665Ct9WCRjGa8+kTr0CzApU0+XXtRgwmzIf1SeKSGAv+2scAlW6JR5PMFo6FzqqZ64Po79cKODKf3/AAmECqA==}
    engines: {node: '>=14.21.3'}
    cpu: [arm64]
    os: [linux]
    libc: [musl]

  '@biomejs/cli-linux-arm64@1.9.4':
    resolution: {integrity: sha512-fJIW0+LYujdjUgJJuwesP4EjIBl/N/TcOX3IvIHJQNsAqvV2CHIogsmA94BPG6jZATS4Hi+xv4SkBBQSt1N4/g==}
    engines: {node: '>=14.21.3'}
    cpu: [arm64]
    os: [linux]
    libc: [glibc]

  '@biomejs/cli-linux-x64-musl@1.9.4':
    resolution: {integrity: sha512-gEhi/jSBhZ2m6wjV530Yy8+fNqG8PAinM3oV7CyO+6c3CEh16Eizm21uHVsyVBEB6RIM8JHIl6AGYCv6Q6Q9Tg==}
    engines: {node: '>=14.21.3'}
    cpu: [x64]
    os: [linux]
    libc: [musl]

  '@biomejs/cli-linux-x64@1.9.4':
    resolution: {integrity: sha512-lRCJv/Vi3Vlwmbd6K+oQ0KhLHMAysN8lXoCI7XeHlxaajk06u7G+UsFSO01NAs5iYuWKmVZjmiOzJ0OJmGsMwg==}
    engines: {node: '>=14.21.3'}
    cpu: [x64]
    os: [linux]
    libc: [glibc]

  '@biomejs/cli-win32-arm64@1.9.4':
    resolution: {integrity: sha512-tlbhLk+WXZmgwoIKwHIHEBZUwxml7bRJgk0X2sPyNR3S93cdRq6XulAZRQJ17FYGGzWne0fgrXBKpl7l4M87Hg==}
    engines: {node: '>=14.21.3'}
    cpu: [arm64]
    os: [win32]

  '@biomejs/cli-win32-x64@1.9.4':
    resolution: {integrity: sha512-8Y5wMhVIPaWe6jw2H+KlEm4wP/f7EW3810ZLmDlrEEy5KvBsb9ECEfu/kMWD484ijfQ8+nIi0giMgu9g1UAuuA==}
    engines: {node: '>=14.21.3'}
    cpu: [x64]
    os: [win32]

  '@jridgewell/sourcemap-codec@1.5.0':
    resolution: {integrity: sha512-gv3ZRaISU3fjPAgNsriBRqGWQL6quFx04YMPW/zD8XMLsU32mhCCbfbO6KZFLjvYpCZ8zyDEgqsgf+PwPaM7GQ==}

  '@module-federation/runtime-tools@0.5.1':
    resolution: {integrity: sha512-nfBedkoZ3/SWyO0hnmaxuz0R0iGPSikHZOAZ0N/dVSQaIzlffUo35B5nlC2wgWIc0JdMZfkwkjZRrnuuDIJbzg==}

  '@module-federation/runtime@0.5.1':
    resolution: {integrity: sha512-xgiMUWwGLWDrvZc9JibuEbXIbhXg6z2oUkemogSvQ4LKvrl/n0kbqP1Blk669mXzyWbqtSp6PpvNdwaE1aN5xQ==}

  '@module-federation/sdk@0.5.1':
    resolution: {integrity: sha512-exvchtjNURJJkpqjQ3/opdbfeT2wPKvrbnGnyRkrwW5o3FH1LaST1tkiNviT6OXTexGaVc2DahbdniQHVtQ7pA==}

  '@module-federation/webpack-bundler-runtime@0.5.1':
    resolution: {integrity: sha512-mMhRFH0k2VjwHt3Jol9JkUsmI/4XlrAoBG3E0o7HoyoPYv1UFOWyqAflfANcUPgbYpvqmyLzDcO+3IT36LXnrA==}

  '@playwright/test@1.48.2':
    resolution: {integrity: sha512-54w1xCWfXuax7dz4W2M9uw0gDyh+ti/0K/MxcCUxChFh37kkdxPdfZDw5QBbuPUJHr1CiHJ1hXgSs+GgeQc5Zw==}
    engines: {node: '>=18'}
    hasBin: true

  '@rsbuild/core@1.1.6':
    resolution: {integrity: sha512-u9Elj+xfgIPRD8rEXioE6xBJOdEGt0Pw1iJiGm/gU28FmH3QmOEFq2Jvo70RsOISNOy18kEM9y0RsqVgtVrpNw==}
    engines: {node: '>=16.7.0'}
    hasBin: true

  '@rslib/core@0.1.0':
    resolution: {integrity: sha512-CGtHgTgj8BSWdQB7yCpGjr5dd37Y7jj/IH6rAtrYbTJR0/o7dm4QqygdwjR8MHBlD9fYTGu7uWbKRdh6qYXPTw==}
    engines: {node: '>=16.0.0'}
    hasBin: true
    peerDependencies:
      '@microsoft/api-extractor': ^7
      typescript: ^5
    peerDependenciesMeta:
      '@microsoft/api-extractor':
        optional: true
      typescript:
        optional: true

  '@rspack/binding-darwin-arm64@1.1.4':
    resolution: {integrity: sha512-mSN9OWvenbD125THkj3nFOlJCk5o44C8uc0YH7gK1uR77g98USiC/4eSWXKqP+sRfDBplQEzannuPrBW1nPimQ==}
    cpu: [arm64]
    os: [darwin]

  '@rspack/binding-darwin-x64@1.1.4':
    resolution: {integrity: sha512-ECmcTJecXwqhqqpOjfjIcwDp8UqJ3D1Crc2COG+wUfwejtbqs9twUTaufZz7U7xna+oyfJ4GRNSKS9xs4N2kPQ==}
    cpu: [x64]
    os: [darwin]

  '@rspack/binding-linux-arm64-gnu@1.1.4':
    resolution: {integrity: sha512-QVRFV6+z1DopeGn8rLRbBNrWXuBvp7J19lTtvx9F5mItzTiBVHmNqFt31namm59xkhHJ3leng7l2F39qcOMOIA==}
    cpu: [arm64]
    os: [linux]
    libc: [glibc]

  '@rspack/binding-linux-arm64-musl@1.1.4':
    resolution: {integrity: sha512-UCateQWfEpEyFOC/tkuicXpIm81s5DavcwKjX3wwh1JB/KO6UxGHK8F75BV4K3Coo/UEiNCvL8xrB7eDjMDwYg==}
    cpu: [arm64]
    os: [linux]
    libc: [musl]

  '@rspack/binding-linux-x64-gnu@1.1.4':
    resolution: {integrity: sha512-Nz5Bt1PDxebVRU321h9AGkLRQL5n9Xgt+rluWAXLVtyxM9aPavmvu1n6/G9stXwQdnUVrZIUs7EzhIhWBe5R/A==}
    cpu: [x64]
    os: [linux]
    libc: [glibc]

  '@rspack/binding-linux-x64-musl@1.1.4':
    resolution: {integrity: sha512-1XG795a+M4vE7JLyeDa1oktr4WU/I5IQ9d8Vk3PVtF59IxnKpjOb3vdGhXP7Ke2zWP6C2YQzWotez6AbO3uWeA==}
    cpu: [x64]
    os: [linux]
    libc: [musl]

  '@rspack/binding-win32-arm64-msvc@1.1.4':
    resolution: {integrity: sha512-1hXOgHxnrBmjBNUluy9MbFMQi4lnAS199JD5UHRc2mx5i+D8cjAiBsWHzIcK4xzsxu2IYgVGsJcdIA8/zV/PVQ==}
    cpu: [arm64]
    os: [win32]

  '@rspack/binding-win32-ia32-msvc@1.1.4':
    resolution: {integrity: sha512-Jfq6gF5QKOYZsgDYRx+fWipDHmtHxq6jniws1WAE8F5w1qIt/dAHzW3a6+3VwCih9lQEEH3Rimy/ECB0oergng==}
    cpu: [ia32]
    os: [win32]

  '@rspack/binding-win32-x64-msvc@1.1.4':
    resolution: {integrity: sha512-d9HUGVfNFhB+r32kDPkzHeMmgwemTFsDymnWJUgUrojzTJ326JrDmEXVeCnAHfwBSC9w4/mp4H+4iGhIdKSo9w==}
    cpu: [x64]
    os: [win32]

  '@rspack/binding@1.1.4':
    resolution: {integrity: sha512-XdR/4DACpLqNjxEw+ikg5FN2dQbOAxj7fDlndNio0l+m8ThPiIsetkJ2FNSlxt/K4SVnIrwAkhE5kabVNKR4EA==}

  '@rspack/core@1.1.4':
    resolution: {integrity: sha512-JUU1pS11TY3/MwnezBfLLp3+7zfkd4Adzo8Pv4f4R1KoJyX1FYBFBcKnfZBlaGYi2C2e5ZDrrHxQlrPmygjbuw==}
    engines: {node: '>=16.0.0'}
    peerDependencies:
      '@swc/helpers': '>=0.5.1'
    peerDependenciesMeta:
      '@swc/helpers':
        optional: true

  '@rspack/lite-tapable@1.0.1':
    resolution: {integrity: sha512-VynGOEsVw2s8TAlLf/uESfrgfrq2+rcXB1muPJYBWbsm1Oa6r5qVQhjA5ggM6z/coYPrsVMgovl3Ff7Q7OCp1w==}
    engines: {node: '>=16.0.0'}

  '@swc/helpers@0.5.15':
    resolution: {integrity: sha512-JQ5TuMi45Owi4/BIMAJBoSQoOJu12oOk/gADqlcUL9JEdHB8vyjUSsxqeNXnmXHjYKMi2WcYtezGEEhqUI/E2g==}

  '@types/node@22.8.6':
    resolution: {integrity: sha512-tosuJYKrIqjQIlVCM4PEGxOmyg3FCPa/fViuJChnGeEIhjA46oy8FMVoF9su1/v8PNs2a8Q0iFNyOx0uOF91nw==}

  acorn@8.14.0:
    resolution: {integrity: sha512-cl669nCJTZBsL97OF4kUQm5g5hC2uihk0NxY3WENAC0TYdILVkAyHymAntgxGkl7K+t0cXIrH5siy5S4XkFycA==}
    engines: {node: '>=0.4.0'}
    hasBin: true

  ansi-regex@6.0.1:
    resolution: {integrity: sha512-n5M855fKb2SsfMIiFFoVrABHJC8QtHwVx+mHWP3QcEqBHYienj5dHSgjbxtC0WEZXYt4wcD6zrQElDPhFuZgfA==}
    engines: {node: '>=12'}

  browserslist-to-es-version@1.0.0:
    resolution: {integrity: sha512-i6dR03ClGy9ti97FSa4s0dpv01zW/t5VbvGjFfTLsrRQFsPgSeyGkCrlU7BTJuI5XDHVY5S2JgDnDsvQXifJ8w==}

  browserslist@4.23.3:
    resolution: {integrity: sha512-btwCFJVjI4YWDNfau8RhZ+B1Q/VLoUITrm3RlP6y1tYGWIOa+InuYiRGXUBXo8nA1qKmHMyLB/iVQg5TT4eFoA==}
    engines: {node: ^6 || ^7 || ^8 || ^9 || ^10 || ^11 || ^12 || >=13.7}
    hasBin: true

  caniuse-lite@1.0.30001647:
    resolution: {integrity: sha512-n83xdNiyeNcHpzWY+1aFbqCK7LuLfBricc4+alSQL2Xb6OR3XpnQAmlDG+pQcdTfiHRuLcQ96VOfrPSGiNJYSg==}

  caniuse-lite@1.0.30001655:
    resolution: {integrity: sha512-jRGVy3iSGO5Uutn2owlb5gR6qsGngTw9ZTb4ali9f3glshcNmJ2noam4Mo9zia5P9Dk3jNNydy7vQjuE5dQmfg==}

  core-js@3.39.0:
    resolution: {integrity: sha512-raM0ew0/jJUqkJ0E6e8UDtl+y/7ktFivgWvqw8dNSQeNWoSDLvQ1H/RN3aPXB9tBd4/FhyR4RDPGhsNIMsAn7g==}

  dom-serializer@2.0.0:
    resolution: {integrity: sha512-wIkAryiqt/nV5EQKqQpo3SToSOV9J0DnbJqwK7Wv/Trc92zIAYZ4FlMu+JPFW1DfGFt81ZTCGgDEabffXeLyJg==}

  domelementtype@2.3.0:
    resolution: {integrity: sha512-OLETBj6w0OsagBwdXnPdN0cnMfF9opN69co+7ZrbfPGrdpPVNBUj02spi6B1N7wChLQiPn4CSH/zJvXw56gmHw==}

  domhandler@5.0.3:
    resolution: {integrity: sha512-cgwlv/1iFQiFnU96XXgROh8xTeetsnJiDsTc7TYCLFd9+/WNkIqPTxiM/8pSd8VIrhXGTf1Ny1q1hquVqDJB5w==}
    engines: {node: '>= 4'}

  domutils@3.1.0:
    resolution: {integrity: sha512-H78uMmQtI2AhgDJjWeQmHwJJ2bLPD3GMmO7Zja/ZZh84wkm+4ut+IUnUdRa8uCGX88DiVx1j6FRe1XfxEgjEZA==}

  electron-to-chromium@1.5.4:
    resolution: {integrity: sha512-orzA81VqLyIGUEA77YkVA1D+N+nNfl2isJVjjmOyrlxuooZ19ynb+dOlaDTqd/idKRS9lDCSBmtzM+kyCsMnkA==}

  entities@4.5.0:
    resolution: {integrity: sha512-V0hjH4dGPh9Ao5p0MoRY6BVqtwCjhz6vI5LT8AJ55H+4g9/4vbHx1I54fS0XuclLhDHArPQCiMjDxjaL8fPxhw==}
    engines: {node: '>=0.12'}

  escalade@3.1.2:
    resolution: {integrity: sha512-ErCHMCae19vR8vQGe50xIsVomy19rg6gFu3+r3jkEO46suLMWBksvVyoGgQV+jOfl84ZSOSlmv6Gxa89PmTGmA==}
    engines: {node: '>=6'}

  fdir@6.4.2:
    resolution: {integrity: sha512-KnhMXsKSPZlAhp7+IjUkRZKPb4fUyccpDrdFXbi4QL1qkmFh9kVY09Yox+n4MaOb3lHZ1Tv829C3oaaXoMYPDQ==}
    peerDependencies:
      picomatch: ^3 || ^4
    peerDependenciesMeta:
      picomatch:
        optional: true

  fsevents@2.3.2:
    resolution: {integrity: sha512-xiqMQR4xAeHTuB9uWm+fFRcIOgKBMiOBP+eXiyT7jsgVCq1bkVygt00oASowB7EdtpOHaaPgKt812P9ab+DDKA==}
    engines: {node: ^8.16.0 || ^10.6.0 || >=11.0.0}
    os: [darwin]

  htmlparser2@9.1.0:
    resolution: {integrity: sha512-5zfg6mHUoaer/97TxnGpxmbR7zJtPwIYFMZ/H5ucTlPZhKvtum05yiPK3Mgai3a0DyVxv7qYqoweaEd2nrYQzQ==}

  magic-string@0.30.12:
    resolution: {integrity: sha512-Ea8I3sQMVXr8JhN4z+H/d8zwo+tYDgHE9+5G4Wnrwhs0gaK9fXTKx0Tw5Xwsd/bCPTTZNRAdpyzvoeORe9LYpw==}

  nano-staged@0.8.0:
    resolution: {integrity: sha512-QSEqPGTCJbkHU2yLvfY6huqYPjdBrOaTMKatO1F8nCSrkQGXeKwtCiCnsdxnuMhbg3DTVywKaeWLGCE5oJpq0g==}
    engines: {node: ^12.20.0 || ^14.13.1 || >=16.0.0}
    hasBin: true

  node-releases@2.0.18:
    resolution: {integrity: sha512-d9VeXT4SJ7ZeOqGX6R5EM022wpL+eWPooLI+5UpWn2jCT1aosUQEhQP214x33Wkwx3JQMvIm+tIoVOdodFS40g==}

  picocolors@1.1.1:
    resolution: {integrity: sha512-xceH2snhtb5M9liqDsmEw56le376mTZkEX/jEb/RxNFyegNul7eNslCXP9FDj/Lcu0X8KEyMceP2ntpaHrDEVA==}

  picomatch@4.0.2:
    resolution: {integrity: sha512-M7BAV6Rlcy5u+m6oPhAPFgJTzAioX/6B0DxyvDlo9l8+T3nLKbrczg2WLUyzd45L8RqfUMyGPzekbMvX2Ldkwg==}
    engines: {node: '>=12'}

  playwright-core@1.48.2:
    resolution: {integrity: sha512-sjjw+qrLFlriJo64du+EK0kJgZzoQPsabGF4lBvsid+3CNIZIYLgnMj9V6JY5VhM2Peh20DJWIVpVljLLnlawA==}
    engines: {node: '>=18'}
    hasBin: true

  playwright@1.48.2:
    resolution: {integrity: sha512-NjYvYgp4BPmiwfe31j4gHLa3J7bD2WiBz8Lk2RoSsmX38SVIARZ18VYjxLjAcDsAhA+F4iSEXTSGgjua0rrlgQ==}
    engines: {node: '>=18'}
    hasBin: true

  rsbuild-plugin-dts@0.1.0:
    resolution: {integrity: sha512-8HE2aGkseyrkNSPmJLVEgqIvaTDWGJYE5l6Hfrf94mFzAFcbtHOrYTr4aR/zw90x+BY3sMfE3bMBj/wR9AnxiA==}
    engines: {node: '>=16.0.0'}
    peerDependencies:
      '@microsoft/api-extractor': ^7
      '@rsbuild/core': 1.x
      typescript: ^5
    peerDependenciesMeta:
      '@microsoft/api-extractor':
        optional: true
      typescript:
        optional: true

  simple-git-hooks@2.11.1:
    resolution: {integrity: sha512-tgqwPUMDcNDhuf1Xf6KTUsyeqGdgKMhzaH4PAZZuzguOgTl5uuyeYe/8mWgAr6IBxB5V06uqEf6Dy37gIWDtDg==}
    hasBin: true

  source-map@0.7.4:
    resolution: {integrity: sha512-l3BikUxvPOcn5E74dZiq5BGsTb5yEwhaTSzccU6t4sDOH8NWJCstKO5QT2CvtFoK6F0saL7p9xHAqHOlCPJygA==}
    engines: {node: '>= 8'}

  strip-ansi@7.1.0:
    resolution: {integrity: sha512-iq6eVVI64nQQTRYq2KtEg2d2uU7LElhTJwsH4YzIHZshxlgZms/wIc4VoDQTlG/IvVIrBKG06CrZnp0qv7hkcQ==}
    engines: {node: '>=12'}

  tinyglobby@0.2.10:
    resolution: {integrity: sha512-Zc+8eJlFMvgatPZTl6A9L/yht8QqdmUNtURHaKZLmKBE12hNPSrqNkUp2cs3M/UKmNVVAMFQYSjYIVHDjW5zew==}
    engines: {node: '>=12.0.0'}

  tslib@2.8.1:
    resolution: {integrity: sha512-oJFu94HQb+KVduSUQL7wnpmqnfmLsOA/nAh6b6EH0wCEoK0/mPeXU6c3wKDV83MkOuHPRHtSXKKU99IBazS/2w==}

  typescript@5.6.3:
    resolution: {integrity: sha512-hjcS1mhfuyi4WW8IWtjP7brDrG2cuDZukyrYrSauoXGNgx0S7zceP07adYkJycEr56BOUTNPzbInooiN3fn1qw==}
    engines: {node: '>=14.17'}
    hasBin: true

  undici-types@6.19.8:
    resolution: {integrity: sha512-ve2KP6f/JnbPBFyobGHuerC9g1FYGn/F8n1LWTwNxCEzd6IfqTwUQcNXgEtmmQ6DlRrC1hrSrBnCZPokRrDHjw==}

  upath@2.0.1:
    resolution: {integrity: sha512-1uEe95xksV1O0CYKXo8vQvN1JEbtJp7lb7C5U9HMsIp6IVwntkH/oNUzyVNQSd4S1sYk2FpSSW44FqMc8qee5w==}
    engines: {node: '>=4'}

  update-browserslist-db@1.1.0:
    resolution: {integrity: sha512-EdRAaAyk2cUE1wOf2DkEhzxqOQvFOoRJFNS6NeyJ01Gp2beMRpBAINjM2iDXE3KCuKhwnvHIQCJm6ThL2Z+HzQ==}
    hasBin: true
    peerDependencies:
      browserslist: '>= 4.21.0'

snapshots:

  '@biomejs/biome@1.9.4':
    optionalDependencies:
      '@biomejs/cli-darwin-arm64': 1.9.4
      '@biomejs/cli-darwin-x64': 1.9.4
      '@biomejs/cli-linux-arm64': 1.9.4
      '@biomejs/cli-linux-arm64-musl': 1.9.4
      '@biomejs/cli-linux-x64': 1.9.4
      '@biomejs/cli-linux-x64-musl': 1.9.4
      '@biomejs/cli-win32-arm64': 1.9.4
      '@biomejs/cli-win32-x64': 1.9.4

  '@biomejs/cli-darwin-arm64@1.9.4':
    optional: true

  '@biomejs/cli-darwin-x64@1.9.4':
    optional: true

  '@biomejs/cli-linux-arm64-musl@1.9.4':
    optional: true

  '@biomejs/cli-linux-arm64@1.9.4':
    optional: true

  '@biomejs/cli-linux-x64-musl@1.9.4':
    optional: true

  '@biomejs/cli-linux-x64@1.9.4':
    optional: true

  '@biomejs/cli-win32-arm64@1.9.4':
    optional: true

  '@biomejs/cli-win32-x64@1.9.4':
    optional: true

  '@jridgewell/sourcemap-codec@1.5.0': {}

  '@module-federation/runtime-tools@0.5.1':
    dependencies:
      '@module-federation/runtime': 0.5.1
      '@module-federation/webpack-bundler-runtime': 0.5.1

  '@module-federation/runtime@0.5.1':
    dependencies:
      '@module-federation/sdk': 0.5.1

  '@module-federation/sdk@0.5.1': {}

  '@module-federation/webpack-bundler-runtime@0.5.1':
    dependencies:
      '@module-federation/runtime': 0.5.1
      '@module-federation/sdk': 0.5.1

  '@playwright/test@1.48.2':
    dependencies:
      playwright: 1.48.2

  '@rsbuild/core@1.1.6':
    dependencies:
      '@rspack/core': 1.1.4(@swc/helpers@0.5.15)
      '@rspack/lite-tapable': 1.0.1
      '@swc/helpers': 0.5.15
      core-js: 3.39.0

  '@rslib/core@0.1.0(typescript@5.6.3)':
    dependencies:
      '@rsbuild/core': 1.1.6
      rsbuild-plugin-dts: 0.1.0(@rsbuild/core@1.1.6)(typescript@5.6.3)
      tinyglobby: 0.2.10
    optionalDependencies:
      typescript: 5.6.3

  '@rspack/binding-darwin-arm64@1.1.4':
    optional: true

  '@rspack/binding-darwin-x64@1.1.4':
    optional: true

  '@rspack/binding-linux-arm64-gnu@1.1.4':
    optional: true

  '@rspack/binding-linux-arm64-musl@1.1.4':
    optional: true

  '@rspack/binding-linux-x64-gnu@1.1.4':
    optional: true

  '@rspack/binding-linux-x64-musl@1.1.4':
    optional: true

  '@rspack/binding-win32-arm64-msvc@1.1.4':
    optional: true

  '@rspack/binding-win32-ia32-msvc@1.1.4':
    optional: true

  '@rspack/binding-win32-x64-msvc@1.1.4':
    optional: true

  '@rspack/binding@1.1.4':
    optionalDependencies:
      '@rspack/binding-darwin-arm64': 1.1.4
      '@rspack/binding-darwin-x64': 1.1.4
      '@rspack/binding-linux-arm64-gnu': 1.1.4
      '@rspack/binding-linux-arm64-musl': 1.1.4
      '@rspack/binding-linux-x64-gnu': 1.1.4
      '@rspack/binding-linux-x64-musl': 1.1.4
      '@rspack/binding-win32-arm64-msvc': 1.1.4
      '@rspack/binding-win32-ia32-msvc': 1.1.4
      '@rspack/binding-win32-x64-msvc': 1.1.4

  '@rspack/core@1.1.4(@swc/helpers@0.5.15)':
    dependencies:
      '@module-federation/runtime-tools': 0.5.1
      '@rspack/binding': 1.1.4
      '@rspack/lite-tapable': 1.0.1
      caniuse-lite: 1.0.30001655
    optionalDependencies:
      '@swc/helpers': 0.5.15

  '@rspack/lite-tapable@1.0.1': {}

  '@swc/helpers@0.5.15':
    dependencies:
      tslib: 2.8.1

  '@types/node@22.8.6':
    dependencies:
      undici-types: 6.19.8

  acorn@8.14.0: {}

  ansi-regex@6.0.1: {}

  browserslist-to-es-version@1.0.0:
    dependencies:
      browserslist: 4.23.3

  browserslist@4.23.3:
    dependencies:
      caniuse-lite: 1.0.30001647
      electron-to-chromium: 1.5.4
      node-releases: 2.0.18
      update-browserslist-db: 1.1.0(browserslist@4.23.3)

  caniuse-lite@1.0.30001647: {}

  caniuse-lite@1.0.30001655: {}

  core-js@3.39.0: {}

  dom-serializer@2.0.0:
    dependencies:
      domelementtype: 2.3.0
      domhandler: 5.0.3
      entities: 4.5.0

  domelementtype@2.3.0: {}

  domhandler@5.0.3:
    dependencies:
      domelementtype: 2.3.0

  domutils@3.1.0:
    dependencies:
      dom-serializer: 2.0.0
      domelementtype: 2.3.0
      domhandler: 5.0.3

  electron-to-chromium@1.5.4: {}

  entities@4.5.0: {}

  escalade@3.1.2: {}

  fdir@6.4.2(picomatch@4.0.2):
    optionalDependencies:
      picomatch: 4.0.2

  fsevents@2.3.2:
    optional: true

  htmlparser2@9.1.0:
    dependencies:
      domelementtype: 2.3.0
      domhandler: 5.0.3
      domutils: 3.1.0
      entities: 4.5.0

  magic-string@0.30.12:
    dependencies:
      '@jridgewell/sourcemap-codec': 1.5.0

  nano-staged@0.8.0:
    dependencies:
      picocolors: 1.1.1

  node-releases@2.0.18: {}

  picocolors@1.1.1: {}

  picomatch@4.0.2: {}

  playwright-core@1.48.2: {}

  playwright@1.48.2:
    dependencies:
      playwright-core: 1.48.2
    optionalDependencies:
      fsevents: 2.3.2

  rsbuild-plugin-dts@0.1.0(@rsbuild/core@1.1.6)(typescript@5.6.3):
    dependencies:
      '@rsbuild/core': 1.1.6
      magic-string: 0.30.12
      picocolors: 1.1.1
      tinyglobby: 0.2.10
    optionalDependencies:
      typescript: 5.6.3

  simple-git-hooks@2.11.1: {}

  source-map@0.7.4: {}

  strip-ansi@7.1.0:
    dependencies:
      ansi-regex: 6.0.1

  tinyglobby@0.2.10:
    dependencies:
      fdir: 6.4.2(picomatch@4.0.2)
      picomatch: 4.0.2

  tslib@2.8.1: {}

  typescript@5.6.3: {}

  undici-types@6.19.8: {}

  upath@2.0.1: {}

  update-browserslist-db@1.1.0(browserslist@4.23.3):
    dependencies:
      browserslist: 4.23.3
      escalade: 3.1.2
      picocolors: 1.1.1
