lockfileVersion: '9.0'

settings:
  autoInstallPeers: true
  excludeLinksFromLockfile: false

importers:

  .:
    dependencies:
      acorn:
        specifier: ^8.18.0
        version: 8.18.0
      browserslist-to-es-version:
        specifier: ^1.4.2
        version: 1.4.2
      htmlparser2:
        specifier: 12.0.0
        version: 12.0.0
      source-map:
        specifier: ^0.8.0
        version: 0.8.0
    devDependencies:
      '@rsbuild/core':
        specifier: 2.2.1
        version: 2.2.1
      '@rspack/cli':
        specifier: ^2.2.1
        version: 2.2.1(@rspack/core@2.2.1(@swc/helpers@0.5.23))
      '@rspack/core':
        specifier: ^2.2.1
        version: 2.2.1(@swc/helpers@0.5.23)
      '@rstackjs/test-utils':
        specifier: ^0.2.0
        version: 0.2.0
      '@types/node':
        specifier: ^24.13.3
        version: 24.13.3
      rslog:
        specifier: ^2.3.0
        version: 2.3.0
      rstack:
        specifier: ^0.7.1
        version: 0.7.1(typescript@7.0.2)
      strip-ansi:
        specifier: ^7.2.0
        version: 7.2.0
      typescript:
        specifier: 7.0.2
        version: 7.0.2

packages:

  '@ast-grep/napi-darwin-arm64@0.45.1':
    resolution: {integrity: sha512-CthYcA0H3z5A2EHKH4rhSuFzpYUtxqUMnohmejxtMS6wiAgriKhOCopxN8XKclspYMtQyX2GC/PbvcU3dIbQHw==}
    engines: {node: '>= 10'}
    cpu: [arm64]
    os: [darwin]

  '@ast-grep/napi-darwin-x64@0.45.1':
    resolution: {integrity: sha512-PhlXMDEEH5fMjXjYcrbeNgGqrojj4zN8C7eMQC6M4pVkuW74uPhrblD4KUbNunp5I2LkWCdKOs36jhBaZe1iPw==}
    engines: {node: '>= 10'}
    cpu: [x64]
    os: [darwin]

  '@ast-grep/napi-linux-arm64-gnu@0.45.1':
    resolution: {integrity: sha512-XScjs95/SrsV6kLl9MnF2qbqwKU79bcBA3JHi6xUu+hf0uZ0lc6MsZ595cEy5yw9PYRhgqwrT3wta9p4qU4jpg==}
    engines: {node: '>= 10'}
    cpu: [arm64]
    os: [linux]
    libc: [glibc]

  '@ast-grep/napi-linux-arm64-musl@0.45.1':
    resolution: {integrity: sha512-qjH5CN5KIUdJW2dHfp8W57QsP6H0mA6E/rboKEzAxw6Ant1q2ZKqE3bLHUZMDoZXOBGdCODSZm0bTDcctiP49g==}
    engines: {node: '>= 10'}
    cpu: [arm64]
    os: [linux]
    libc: [musl]

  '@ast-grep/napi-linux-x64-gnu@0.45.1':
    resolution: {integrity: sha512-nPP0y5EnehCgmYqvVDKSvH4vHbEFdAi8L+Kq2Sz94vK32yv4eOWf9vWhgoPscWpw76GWuwhpDvME8SZARnS3DQ==}
    engines: {node: '>= 10'}
    cpu: [x64]
    os: [linux]
    libc: [glibc]

  '@ast-grep/napi-linux-x64-musl@0.45.1':
    resolution: {integrity: sha512-sg50LKH7TskWd/boWVFp9gwKc3Jd8sg0f8P6T2VQemX/EOj+OFaMJ2+y7Ok17WI/dODkrZgAPUwq7RAvMzLtqg==}
    engines: {node: '>= 10'}
    cpu: [x64]
    os: [linux]
    libc: [musl]

  '@ast-grep/napi-win32-arm64-msvc@0.45.1':
    resolution: {integrity: sha512-wnTmD34OD9bUpdBVTb58P0y+YPb/2C2g07zj96LSk5R4pdcEMrCFsrWZlaNwtEV4q7L9BfLgrxq3MBGI8c6doA==}
    engines: {node: '>= 10'}
    cpu: [arm64]
    os: [win32]

  '@ast-grep/napi-win32-ia32-msvc@0.45.1':
    resolution: {integrity: sha512-gRyJwRPY1mWRtnJ6AMncV2pNU+B2indjLCb9z/+aZrUN5u/gOxYryEzvRatyC9rVUMeQGJD+k0htpsqIwgXVbA==}
    engines: {node: '>= 10'}
    cpu: [ia32]
    os: [win32]

  '@ast-grep/napi-win32-x64-msvc@0.45.1':
    resolution: {integrity: sha512-mzfMmCO7tSNks+NGkGkSnDBKxBjHoOLAMJt2IbAkMYATxHC0RqfBoN7Qtd02VGhHWEfwWLPv/wU6MrvweZ3jdQ==}
    engines: {node: '>= 10'}
    cpu: [x64]
    os: [win32]

  '@ast-grep/napi@0.45.1':
    resolution: {integrity: sha512-4cmGQEHoP9GLHEhGvd1vgSzO3Y6KF7FczDk4+q/VfXV9/9sNxNVgNHC8t3BglhIADDcoHrCMc9aw4lHG+M240A==}
    engines: {node: '>= 10'}

  '@emnapi/core@1.11.3':
    resolution: {integrity: sha512-zLpS5asjEb7lq8jYLq37N6XKaE41DIexlY1rF/z4/tIl3wo13Sqm28fRyfIsKZD+NZ8mM5RoKkpW/rBcuoSZSg==}

  '@emnapi/runtime@1.11.3':
    resolution: {integrity: sha512-Xz4Tpyki7XyrpbUK1jR1AhdAdaXyhhY4lZ3neLodmhpuWfy2PAQN5B46sAiU4liOXGLkHypn/qU+jvfWSCYYLA==}

  '@emnapi/wasi-threads@1.2.3':
    resolution: {integrity: sha512-ELEBe8PsLvvJ6QMr0zLt8ffvOHW/dc1m3CEzNMg7aJUv3bMaoDtw2TXyDAwkYBuroxxuHEwhRTLJSe5sya547g==}

  '@napi-rs/wasm-runtime@1.1.6':
    resolution: {integrity: sha512-ZLv/JdUfkvOy9eCnnBaGfiO+XimbjebAeO+MRQqD/B+FR1tnRN0tpKSJHRbE8sFfS6aqsXZ67TQjfwfsxULVbg==}
    peerDependencies:
      '@emnapi/core': ^1.7.1
      '@emnapi/runtime': ^1.7.1

  '@rsbuild/core@2.2.1':
    resolution: {integrity: sha512-JcGtG4bo7PBihj6fBL6gaxaJihqLf7nGWW/t4zEmXpMJkV6XNdr1jAo9B0xI4mLAOmtFeva8cUbn9SE2ZEmAIw==}
    engines: {node: ^20.19.0 || >=22.12.0}
    hasBin: true
    peerDependencies:
      core-js: '>= 3.0.0'
    peerDependenciesMeta:
      core-js:
        optional: true

  '@rslib/core@1.0.0-rc.2':
    resolution: {integrity: sha512-6Bex+f8THioCRtfVg8cswHWR4T1xwY+VxRXoOXIgGBROTMlCuoS2/TzcLwYHmU1q1FXfXM8zAs0XuEnUAoDXzQ==}
    engines: {node: ^20.19.0 || >=22.12.0}
    hasBin: true
    peerDependencies:
      '@microsoft/api-extractor': ^7
      typescript: ^5 || ^6 || ^7
    peerDependenciesMeta:
      '@microsoft/api-extractor':
        optional: true
      typescript:
        optional: true

  '@rslint/core@0.9.0':
    resolution: {integrity: sha512-rY8F6kdQ/XkBiflaNzglJdMfxl0Lv/NFXppK0kAhx2P2CvogsXIA/z82Wxtk+Cg9uFHou67N9/iqmWXgdtSoDw==}
    hasBin: true
    peerDependencies:
      jiti: ^2.7.0
    peerDependenciesMeta:
      jiti:
        optional: true

  '@rslint/native-darwin-arm64@0.9.0':
    resolution: {integrity: sha512-xhdBrVALZTX0v4ZghKY7RGO87DpItk4DVvKm3MGih4w1o2WF2u+6n/mohvG7/ts7c8T88HIbLfK4luQ8kMDCsg==}
    cpu: [arm64]
    os: [darwin]

  '@rslint/native-darwin-x64@0.9.0':
    resolution: {integrity: sha512-xuluXYUKizRZD/70WILvn+OeNdBT6izU81vhiNHVYdEQmfsqaqE8fthKGmQvaRu/DNL3CgVRPR+PzOAcQzPpOw==}
    cpu: [x64]
    os: [darwin]

  '@rslint/native-linux-arm64-gnu@0.9.0':
    resolution: {integrity: sha512-J9uHBg/8Z9WanEKBXaPNZz0h+P8qtOLwjVqwEcOwYm1yLHRY70A7XqI6cRVIx72gXKGWtNBT2BRw9p8CWQUhgg==}
    cpu: [arm64]
    os: [linux]
    libc: [glibc]

  '@rslint/native-linux-arm64-musl@0.9.0':
    resolution: {integrity: sha512-3ICIPH1oZOuMuZp+4hRhU+Af34U/2MNFB1yN+yi/jfJP+qBEExQbeBOS4J6HOecx9RJXcFvPF2ZI68l4g8/DPQ==}
    cpu: [arm64]
    os: [linux]
    libc: [musl]

  '@rslint/native-linux-x64-gnu@0.9.0':
    resolution: {integrity: sha512-vlzcruA/t+0XvdK2S0bIS00H9Mpkrwo/hIFvpyUONgxi2WaO7XNDtgTWAsajB40WmvezYYLKs45LgkVXpxSCFA==}
    cpu: [x64]
    os: [linux]
    libc: [glibc]

  '@rslint/native-linux-x64-musl@0.9.0':
    resolution: {integrity: sha512-+gPExuOtSPaP7jAWeMRnTobvQOhaqo9857K/7T2qvc15ksnYqqygMhzcVzm9Wt7L4KBoW6PR1uvwgmPaK4B0IA==}
    cpu: [x64]
    os: [linux]
    libc: [musl]

  '@rslint/native-win32-arm64-msvc@0.9.0':
    resolution: {integrity: sha512-YK5uTuk6zNXru2cOwivbZPH25C7u8RSQlKm5tOqwhaQ0ShCVDdh7z0SXvHvLdQ2VJen+30Vp1izAMZ7Zp/8KaQ==}
    cpu: [arm64]
    os: [win32]

  '@rslint/native-win32-x64-msvc@0.9.0':
    resolution: {integrity: sha512-7elW5V8zm3McqA0LCjBBR7SDwQ5hRW+hrnJcCmrspSnBeUPFqnJfvUvsQPgbJz3pdrkBzzjZMvUgEYyBQ9dl8A==}
    cpu: [x64]
    os: [win32]

  '@rspack/binding-darwin-arm64@2.2.1':
    resolution: {integrity: sha512-Y/Naw/7V76QiUYdYRuBzBZtzRjt/3fjDUuF8GK0+/BO7BP1RrpY4tk1ln+iiqegRUD8u9uGn08fi8No1rwfyUg==}
    cpu: [arm64]
    os: [darwin]

  '@rspack/binding-darwin-x64@2.2.1':
    resolution: {integrity: sha512-rTIG/xZIW7RbEEuMR9hnNn5dv3fDBpX0N4FAQUwfhUYy3tN2+3vibTTq/Nj1Sd9Vn4yWydbWIEwBX6m/aGejig==}
    cpu: [x64]
    os: [darwin]

  '@rspack/binding-linux-arm64-gnu@2.2.1':
    resolution: {integrity: sha512-53rAMU6Hqiat21IMU1hTt4Si2F33h+ZbXOt+Y18W39AFjcwmleIBId2u7beqJeGXLJuBgIAm31jcbJj/PN7mWQ==}
    cpu: [arm64]
    os: [linux]
    libc: [glibc]

  '@rspack/binding-linux-arm64-musl@2.2.1':
    resolution: {integrity: sha512-o7zFiWkt4MqSfSdTbxUdF27fcrWKpRizcuVB8H3yd2G6xW9V2OfYbhVGQnOlbKi+GK74RkCmoJtANB+QboIqKQ==}
    cpu: [arm64]
    os: [linux]
    libc: [musl]

  '@rspack/binding-linux-ppc64-gnu@2.2.1':
    resolution: {integrity: sha512-pvx1oeg1z7cr8OcNt7PAt1SJTHzdsN/pvu7HkGnfks2fWE7GDs9DLL2KvN7tUkzQvJm6bGgUwqSCOrqV4uSwAg==}
    cpu: [ppc64]
    os: [linux]
    libc: [glibc]

  '@rspack/binding-linux-riscv64-gnu@2.2.1':
    resolution: {integrity: sha512-WQ6P94Wz2tgwOsgifTWP2/bV63iZH5+rkxngQwF22FC8KmIXXy/Yug7lyMH1ld8Hzg4p1qXjBBr4i1cCyJTR+w==}
    cpu: [riscv64]
    os: [linux]
    libc: [glibc]

  '@rspack/binding-linux-riscv64-musl@2.2.1':
    resolution: {integrity: sha512-GEFUFHQkjKU7OYyHXnrIo8wWcUHM7jeKov5z6Lxd3i+3hKo11yBOgb7b+uD94Rx2tPuWF4jyFdWmcNu46Njb/A==}
    cpu: [riscv64]
    os: [linux]
    libc: [musl]

  '@rspack/binding-linux-s390x-gnu@2.2.1':
    resolution: {integrity: sha512-Cqw2UjSmFGZaw1EjQXClKDud86ThynGEEIazy2PZfPzZG4WjICK1WjdeFCJd7xWsSbUQ3jGyzb7/EHiDVa+sKA==}
    cpu: [s390x]
    os: [linux]
    libc: [glibc]

  '@rspack/binding-linux-x64-gnu@2.2.1':
    resolution: {integrity: sha512-QX+gRxg2CS9ri2fUG5eNurdsrOCWoJ56SsD2O7kcVGiRm+S2+muNb/QhkdkAdt/u/m++7Ve5TMIpHTnaKYCpCw==}
    cpu: [x64]
    os: [linux]
    libc: [glibc]

  '@rspack/binding-linux-x64-musl@2.2.1':
    resolution: {integrity: sha512-mBZQl1NdGbEB3y5M9d0tkuF7RL1GLz3Hb3gqFa3QRZBymP9PCV83Jiji8s2PJimNUJIVcdZRIw8+VGYs/35c2A==}
    cpu: [x64]
    os: [linux]
    libc: [musl]

  '@rspack/binding-wasm32-wasi@2.2.1':
    resolution: {integrity: sha512-/d2ImKDS+lT+FJ07MxKBeUkTat84tr2Nm2+nIRt8HmZK7/N8odkQml9vb4MHr8E7oYOp4B+jm6W5frdRzKrkJQ==}
    cpu: [wasm32]

  '@rspack/binding-win32-arm64-msvc@2.2.1':
    resolution: {integrity: sha512-TfmaKPF3KC7uoZb6A+8ZUbLS8g8P5EdeXFGLCaJ+UgdkJ20TsapcfJXZXWNnKzFEkV8dUO/t5oNxNLYy2URusw==}
    cpu: [arm64]
    os: [win32]

  '@rspack/binding-win32-ia32-msvc@2.2.1':
    resolution: {integrity: sha512-rdBXayngvpQFMSUIC4b71FDZrSBJszSHNEkln/Nis3a17DMAE7IkgJcqe7SqLWbk2OPF/N920AOWmBEDQQCaMg==}
    cpu: [ia32]
    os: [win32]

  '@rspack/binding-win32-x64-msvc@2.2.1':
    resolution: {integrity: sha512-l3K4s7nrQJc+3LacPFjZGjX8Jk1sf8Q4TK6IXAsdSucOjTqYSpD8PMl2NUXCBDXOl8T2V4v323z1LfxwW8BPmA==}
    cpu: [x64]
    os: [win32]

  '@rspack/binding@2.2.1':
    resolution: {integrity: sha512-56TqztuEMd+aHGv1jDXnkJQGSLTb4NoO146flFxJqPG8931UdXPO2pNR9M0Q2Pz+GvmO0fLHGPLYBHoRVrRlHw==}

  '@rspack/cli@2.2.1':
    resolution: {integrity: sha512-Id6Jy9aHkKuLyYqxoDZt5P0y55/hQuUwoceSEBXloWdbRoKByxMJt+FHZdQHKKyfD0/8uA8p99DDMPe6vhypLg==}
    hasBin: true
    peerDependencies:
      '@rspack/core': ^2.0.0-0
      '@rspack/dev-server': ^2.0.0-0
    peerDependenciesMeta:
      '@rspack/dev-server':
        optional: true

  '@rspack/core@2.2.1':
    resolution: {integrity: sha512-EHFX2oWCY1HkHJkG/Ev8HXCcl4gQzgETyairdIlBkKaypuW8i7kowBxUFzpHHg/ObF70vB3focToel9Wwg4MRA==}
    engines: {node: ^20.19.0 || >=22.12.0}
    peerDependencies:
      '@module-federation/runtime-tools': ^0.24.1 || ^2.0.0
      '@swc/helpers': ^0.5.23
    peerDependenciesMeta:
      '@module-federation/runtime-tools':
        optional: true
      '@swc/helpers':
        optional: true

  '@rstackjs/cli-darwin-arm64@0.7.1':
    resolution: {integrity: sha512-sRTBY2qZXatWYRPre26FLIKEa0RQjBeQKZrcVxA2At7VE39D4i3Wyv/ukhKZaVI94TJniSdYwHXAcJjsktbvww==}
    engines: {node: ^22.18.0 || >=24.3.0}
    cpu: [arm64]
    os: [darwin]

  '@rstackjs/cli-darwin-x64@0.7.1':
    resolution: {integrity: sha512-L9S60Rjbf/rsLkROpOBwsPpr4ufAFiakATf4d7+WWc+hCTqy3oWDjYT6yJKNNE7xtDsbYk6iYLojdJVHSEN9uQ==}
    engines: {node: ^22.18.0 || >=24.3.0}
    cpu: [x64]
    os: [darwin]

  '@rstackjs/cli-linux-arm64-gnu@0.7.1':
    resolution: {integrity: sha512-RPS8z9ydbfajyh+xBRZzu0XIlCm519EY2O7mAZhYdFX24+2EAAlVPp3xqVNiBg/wdDmOHWflgQjujxWdZRartw==}
    engines: {node: ^22.18.0 || >=24.3.0}
    cpu: [arm64]
    os: [linux]
    libc: [glibc]

  '@rstackjs/cli-linux-arm64-musl@0.7.1':
    resolution: {integrity: sha512-/yCaFh4BiN5lr0io+7dDMUnAj3T7uKhR6Vv2DcPWwf9vodLS/swmcVYsxTVKE6wPsm6ityUQIxRRTlOb8aQeZQ==}
    engines: {node: ^22.18.0 || >=24.3.0}
    cpu: [arm64]
    os: [linux]
    libc: [musl]

  '@rstackjs/cli-linux-ppc64-gnu@0.7.1':
    resolution: {integrity: sha512-lyBvTntv8tpr9uebh/rj+uquU2+M9eZlQQrDYrSSI63lkWwrGG/QmFziB8h60kr4DirMouH+gQVqhJ43wgBcEg==}
    engines: {node: ^22.18.0 || >=24.3.0}
    cpu: [ppc64]
    os: [linux]
    libc: [glibc]

  '@rstackjs/cli-linux-riscv64-gnu@0.7.1':
    resolution: {integrity: sha512-uzrI+m5FiQOhhKoPWhFWR3aXQkbB6Nt8MpJKB1ZXU3G40icNQ2fxNTNOJoQyQZBOqWxMs1QYY9MH4LQjkPVtXw==}
    engines: {node: ^22.18.0 || >=24.3.0}
    cpu: [riscv64]
    os: [linux]
    libc: [glibc]

  '@rstackjs/cli-linux-riscv64-musl@0.7.1':
    resolution: {integrity: sha512-PMpM8U8qgTJAaUssWsyUVXH7PAlJw/rfW6CyUkLESuzqvuXQrwptw9wBFFgs9q19f8tmIHii7C6Ep8K0VklbOw==}
    engines: {node: ^22.18.0 || >=24.3.0}
    cpu: [riscv64]
    os: [linux]
    libc: [musl]

  '@rstackjs/cli-linux-s390x-gnu@0.7.1':
    resolution: {integrity: sha512-AzyL+xCk9OPYtWiZBhHMxCzByt8qBSrF6firgnKlfD+5UtE9XyScDJh12zR7OiO84TyVQicz2mWewl8dAmZqNA==}
    engines: {node: ^22.18.0 || >=24.3.0}
    cpu: [s390x]
    os: [linux]
    libc: [glibc]

  '@rstackjs/cli-linux-x64-gnu@0.7.1':
    resolution: {integrity: sha512-xc/9nSql1uwpwO2vHJCB+X0etIevgYm1Wz0cxRBW7X9BbbU6V9Lu/BuF9Jsx8Z/6Qd63xim6mZig8QNR1tFGwg==}
    engines: {node: ^22.18.0 || >=24.3.0}
    cpu: [x64]
    os: [linux]
    libc: [glibc]

  '@rstackjs/cli-linux-x64-musl@0.7.1':
    resolution: {integrity: sha512-Rp1GHTfgJfB8Pcmymf4AgKQ1Yg9NXHCPd6tPBDmr9LAsSwA5k2uY5Ca56rSA6YI0ZZrIdBGSGV+o79a2BLND9Q==}
    engines: {node: ^22.18.0 || >=24.3.0}
    cpu: [x64]
    os: [linux]
    libc: [musl]

  '@rstackjs/cli-win32-arm64-msvc@0.7.1':
    resolution: {integrity: sha512-Xk2MwC1Ql+Fb8ThvSupRk9C+rZqtgTHSxRsxyjnoS0UZbYuzwUp8TtTiNBb+NZz8YVv2Ouabk6CoSxwqjf9A/A==}
    engines: {node: ^22.18.0 || >=24.3.0}
    cpu: [arm64]
    os: [win32]

  '@rstackjs/cli-win32-ia32-msvc@0.7.1':
    resolution: {integrity: sha512-Ka0lPt6H5ZIoqaXPEFwuXPmgTwGNVKAeIFL//oyp/snME7fxtTA3DuPqe51biFc452pJpYM3YtZXb2Am7kDTjw==}
    engines: {node: ^22.18.0 || >=24.3.0}
    cpu: [ia32]
    os: [win32]

  '@rstackjs/cli-win32-x64-msvc@0.7.1':
    resolution: {integrity: sha512-ot5aDRTSuOSef2/xb9bummjHqJCXicfFpazrX3bxY3MLhLMePKLOzCvIZF0ZXFsAMIWmz1dy4QnN3b7NBMngdg==}
    engines: {node: ^22.18.0 || >=24.3.0}
    cpu: [x64]
    os: [win32]

  '@rstackjs/test-utils@0.2.0':
    resolution: {integrity: sha512-P+LOo1WE3xYeGkHmEthyq2cIpN69k4LhiB/4UBSceD+nW9hDlhWv8MC0LTLWokZXccWl4ntcfOBjQFllkcBlPA==}

  '@rstest/core@0.11.11':
    resolution: {integrity: sha512-7Ii2/2/ex1Oa0Kg5Qk5RKx2+e0I83BHLwH0/gn1B7IDwXCh5msFCF7yTyVGFuMltlm3E8Cf4QD7jadOEaBfXfw==}
    engines: {node: ^20.19.0 || >=22.12.0}
    hasBin: true
    peerDependencies:
      happy-dom: ^20.8.3
      jsdom: '>=15.0.0'
    peerDependenciesMeta:
      happy-dom:
        optional: true
      jsdom:
        optional: true

  '@swc/helpers@0.5.23':
    resolution: {integrity: sha512-5lSsMOTXURePglDfvuAQUqkGek9Hg2kksOYay2m0+XR++b2NWYL/4sWyuvVBIs8oKnJaxkdi9whaL/sqN13afw==}

  '@tybys/wasm-util@0.10.3':
    resolution: {integrity: sha512-F3fo1MYrRJYL3zER0OUOmkutjr1Vp23m7OsSgp7nq4SP6OqX6C/56XFIPAl5bt3zaBRjmW7SGz3u/6LwFpYcOg==}

  '@types/chai@5.2.3':
    resolution: {integrity: sha512-Mw558oeA9fFbv65/y4mHtXDs9bPnFMZAL/jxdPFUpOHHIXX91mcgEHbS5Lahr+pwZFR8A7GQleRWeI6cGFC2UA==}

  '@types/deep-eql@4.0.2':
    resolution: {integrity: sha512-c9h9dVVMigMPc4bwTvC5dxqtqJZwQPePsWjPlpSOnojbor6pGqdk541lfA7AqFQr5pB1BRdq0juY9db81BwyFw==}

  '@types/node@24.13.3':
    resolution: {integrity: sha512-Dh8vAsV36ig5wa9OX4pXvMc9D3Veibfw2wix0CUwYODLD8nkj9UsLjASr49nPg+2eKzxhBV+v7L8pXvT4e639Q==}

  '@typescript/typescript-aix-ppc64@7.0.2':
    resolution: {integrity: sha512-MTKKkWB7p/0E9xi1d1tHtZ5PiLkGEMIq88pK2CubZjOsLtYTLqhgIgi6zepFa+9GHZ6h05NMCkQxGKiPXMxXtQ==}
    engines: {node: '>=16.20.0'}
    cpu: [ppc64]
    os: [aix]

  '@typescript/typescript-darwin-arm64@7.0.2':
    resolution: {integrity: sha512-gowzar9MwS/aRWp6f3a4KUqzRjAZjOsmGNCM6LcTgXum+dBfgsBVMN+AgvOCCbguXyick6LJhpBszxMebJ8syA==}
    engines: {node: '>=16.20.0'}
    cpu: [arm64]
    os: [darwin]

  '@typescript/typescript-darwin-x64@7.0.2':
    resolution: {integrity: sha512-SZ9xZInqApNlNGc9s0W1VSsktYSOe9cFqNOIqmN1Gs8SmkjKZYFt017G4VwPxASInODuAdbTW7sXiFUf893RgA==}
    engines: {node: '>=16.20.0'}
    cpu: [x64]
    os: [darwin]

  '@typescript/typescript-freebsd-arm64@7.0.2':
    resolution: {integrity: sha512-W5NH4y/J0plIIS5b2xvTEkU7JFxyqdMAOgf+Ilhl0vHQXKO5dZoxd+C/jEtq56c4F3wk71RB4BMRQ2XdI+bwYQ==}
    engines: {node: '>=16.20.0'}
    cpu: [arm64]
    os: [freebsd]

  '@typescript/typescript-freebsd-x64@7.0.2':
    resolution: {integrity: sha512-UMGDx5sTpzNw3WiPebH7l90IWfJggEd+egHt/q6p7/Cm3zqoV7VxkGXt+3DxPIw8CcmvAB0j3sVVfbhX+M4Tpw==}
    engines: {node: '>=16.20.0'}
    cpu: [x64]
    os: [freebsd]

  '@typescript/typescript-linux-arm64@7.0.2':
    resolution: {integrity: sha512-Qh4eU4/y3yDjnfjjyPYihMj5/ODIlmt+Bzu17OI+fiSRDW57QmU5SiN63exPRNJPKUzcc1INa1NXdrJ+MqHjUQ==}
    engines: {node: '>=16.20.0'}
    cpu: [arm64]
    os: [linux]

  '@typescript/typescript-linux-arm@7.0.2':
    resolution: {integrity: sha512-gffT3xPz9sR7j/YJExkyPntrI0P2EP9XbOyWzth2/Gs0RstK+90RBcO0ncXoXy/beYll1SXw846Nf2zdnEz0QQ==}
    engines: {node: '>=16.20.0'}
    cpu: [arm]
    os: [linux]

  '@typescript/typescript-linux-loong64@7.0.2':
    resolution: {integrity: sha512-uEHck9i8hoAzXPiYRib1O7miOnz23SxIeVl6F4LXox+qov1K35jHcEW6VHKvZI+pyvl7fZEP4MCU5LYvIq1GuQ==}
    engines: {node: '>=16.20.0'}
    cpu: [loong64]
    os: [linux]

  '@typescript/typescript-linux-mips64el@7.0.2':
    resolution: {integrity: sha512-R4KvAMnE43W5Qeqb0Ly56O3mWMWIAgsMyz36DCaycd5nbg/9kzm0liw3JocfRqyJY0KPmzFjbswozXyW0DnIYA==}
    engines: {node: '>=16.20.0'}
    cpu: [mips64el]
    os: [linux]

  '@typescript/typescript-linux-ppc64@7.0.2':
    resolution: {integrity: sha512-DORx5b3sd/4S7eayxm4FQv+A7CrkUIGRaHiwI8oiHTAI1fAPWhF4J0vAlkC8biAlHSVVwxMQ3tjZ2/DVbnQiiA==}
    engines: {node: '>=16.20.0'}
    cpu: [ppc64]
    os: [linux]

  '@typescript/typescript-linux-riscv64@7.0.2':
    resolution: {integrity: sha512-wf0jqEDOjrPRnKwYRyyJDRo11KMbvMFrU+q4zqKyChODBzvlkbhNQfKvLxQCcwTpdDaXSHZTVuh0JoCrKCUMHQ==}
    engines: {node: '>=16.20.0'}
    cpu: [riscv64]
    os: [linux]

  '@typescript/typescript-linux-s390x@7.0.2':
    resolution: {integrity: sha512-IkwJc3L7yhytWd/ewjyxNDfOmswCm9GWMJT/ue/dU4aZNbwZeYAetq42VyLmsmSjvoX7z74X6ZaYCtzAr0EuGw==}
    engines: {node: '>=16.20.0'}
    cpu: [s390x]
    os: [linux]

  '@typescript/typescript-linux-x64@7.0.2':
    resolution: {integrity: sha512-EYdf2cNg7rgCWJnxCdJ+F3V39O8ihb37eHAu1LK8oAFizgTQbPOK7zHHXbPt8rX24COqODXeI3sIf0fCXG7H/A==}
    engines: {node: '>=16.20.0'}
    cpu: [x64]
    os: [linux]

  '@typescript/typescript-netbsd-arm64@7.0.2':
    resolution: {integrity: sha512-+polYF4MF04aPpO5FTkHran9yUQDSXqy5GiSDKpsll5jy3l3+g9QLhpf39T+ePtefhXLOGrLl0QIjkQP6VnelA==}
    engines: {node: '>=16.20.0'}
    cpu: [arm64]
    os: [netbsd]

  '@typescript/typescript-netbsd-x64@7.0.2':
    resolution: {integrity: sha512-8YIT0EHM/3dq10ZOVF/A7pc/YSMtbcecct4rWtexrnSCHOPcpC2KTLXfTCR6vDpnSiY12heNb1GiN/wu+T/FyA==}
    engines: {node: '>=16.20.0'}
    cpu: [x64]
    os: [netbsd]

  '@typescript/typescript-openbsd-arm64@7.0.2':
    resolution: {integrity: sha512-APT8+ClYnuYm1u9+kgGXoMj2VzWzcymwh2gNSQVySHfkRDGOTVkoWLjCmOQSaO+PoqQ57B0flRp9SA+7GnnkzQ==}
    engines: {node: '>=16.20.0'}
    cpu: [arm64]
    os: [openbsd]

  '@typescript/typescript-openbsd-x64@7.0.2':
    resolution: {integrity: sha512-yX7s+Q0Dln0Dt9tEzZsAjXXR/+ytBM7AlglaqyeMPxQszJ1JhlJdZ6jLA+IzldHtflX81em7lDao1xXu+aRRkg==}
    engines: {node: '>=16.20.0'}
    cpu: [x64]
    os: [openbsd]

  '@typescript/typescript-sunos-x64@7.0.2':
    resolution: {integrity: sha512-dLJDGaLZ1D4HPQn62u1n8mBDkJREwMsAkCdkwd4Ieqw+x3TUyTsqY0YiBCtE6H6OzzgGk3iuZ3vFWRS+E8/d1g==}
    engines: {node: '>=16.20.0'}
    cpu: [x64]
    os: [sunos]

  '@typescript/typescript-win32-arm64@7.0.2':
    resolution: {integrity: sha512-Gyl1Vy6OsWesLzmq+EP0Fb7b4Nid5232AvcA2SFcdYreldpNtYFFofPjnt62y9hQy7VTaZp65ICJjuAQRaVcIQ==}
    engines: {node: '>=16.20.0'}
    cpu: [arm64]
    os: [win32]

  '@typescript/typescript-win32-x64@7.0.2':
    resolution: {integrity: sha512-0BQ3HkAHHlKLSp1qRvf3SUhGpGsDuhB/jgFw75guyqbxJqEaS0Cw/VFO8i2nHglJUzQCRtMMR/IBAKE3ETMC4g==}
    engines: {node: '>=16.20.0'}
    cpu: [x64]
    os: [win32]

  '@yuku-parser/binding-android-arm64@0.9.1':
    resolution: {integrity: sha512-AohsA9tsg7xQkYnPNlP/upeXbVGXyVwSFNmDNictfNqiMaqks82H7wsz7zF/5yFYTren/mLGWVrzJ9vFw7ovrg==}
    cpu: [arm64]
    os: [android]

  '@yuku-parser/binding-darwin-arm64@0.9.1':
    resolution: {integrity: sha512-EMJbDXAR6CwOmq54SLKVr6fh3a9JaBQu8UNJKpUihClR2GpW2f4rF8qAgvOci07Q5AUJp00/FWZp8uZkNXj9eg==}
    cpu: [arm64]
    os: [darwin]

  '@yuku-parser/binding-darwin-x64@0.9.1':
    resolution: {integrity: sha512-HFMB34UzToIqELUU71D5arkJDSOUiPuVGCt3a/p0n6YMUEHmlNGZntVkG0Gf70Qss7EECU75hx7fKWEtAmFLSQ==}
    cpu: [x64]
    os: [darwin]

  '@yuku-parser/binding-freebsd-x64@0.9.1':
    resolution: {integrity: sha512-xw0O3G93kosvM+Byclp9W6ssHz6ngfduJDPuNki7rAG4OQ0nz1rZp/Zj4mAk8I8fR31vzwLuCH1qT1j1kv+09Q==}
    cpu: [x64]
    os: [freebsd]

  '@yuku-parser/binding-linux-arm-gnu@0.9.1':
    resolution: {integrity: sha512-ZZ3a/sKzEpsQGa9cFL3XjYc0ylVohiXK3cW/hHdg0cMU9es8Vtck94pQ/K8xwlX1kncjUn40XutFuAXx8Ow8vA==}
    cpu: [arm]
    os: [linux]
    libc: [glibc]

  '@yuku-parser/binding-linux-arm-musl@0.9.1':
    resolution: {integrity: sha512-dtKTQ5CybtIAzll0EoN/jyUPvhgbcDCcoLSWcm9YsguTiW8LkHySe78Mnir3DS//QqwrO59O8C2NADtv21wnxg==}
    cpu: [arm]
    os: [linux]
    libc: [musl]

  '@yuku-parser/binding-linux-arm64-gnu@0.9.1':
    resolution: {integrity: sha512-csRtiN90U9Gfy/OnYvC/XR32eSd3E/+1GUIM2UmsEnTwnZ2mAd4VxW2CgbuCQCMNSEaeQzeueh5cu2dKEId1Pg==}
    cpu: [arm64]
    os: [linux]
    libc: [glibc]

  '@yuku-parser/binding-linux-arm64-musl@0.9.1':
    resolution: {integrity: sha512-HGmIyK1B8ve7EOPM/VCAq03LPWpWFsKW29lxQWQxlXryqGMs16m73EurMu+d+RgWmEQQLAj5gSoj1KVD+P4epw==}
    cpu: [arm64]
    os: [linux]
    libc: [musl]

  '@yuku-parser/binding-linux-x64-gnu@0.9.1':
    resolution: {integrity: sha512-pp/acGgrUokF4KSh+EECfz4Nqwx3J23g24IM+Rh91pkCUj0/QfW7C6KwB2/ZhyuN6qWEZ8s1j+DAddcAXWtBBQ==}
    cpu: [x64]
    os: [linux]
    libc: [glibc]

  '@yuku-parser/binding-linux-x64-musl@0.9.1':
    resolution: {integrity: sha512-XdBOP/a5Jx5C36w7XBrGsZKRy45oSrD6ZMyCR6xBHEnL3TihKadH9o+UExPGOh0dLnQ8vZ/6sWwU+CTsGzay0g==}
    cpu: [x64]
    os: [linux]
    libc: [musl]

  '@yuku-parser/binding-win32-arm64@0.9.1':
    resolution: {integrity: sha512-sVA1I57uWAQsDD2ND6loFZXnMynxtCEcsR9L4O31lVd5/xCoGSOo5v+rbqJU2cDPSyAZTFBAFQLzipcYfwUO4w==}
    cpu: [arm64]
    os: [win32]

  '@yuku-parser/binding-win32-x64@0.9.1':
    resolution: {integrity: sha512-hNzy7ZE4iFW4gkhYiHBB05BJPS6NE+oOw9oddyvBiBi9s+xP1keli3ZHxII8l7Qedh/3pNc8X43wo6UPoNarrw==}
    cpu: [x64]
    os: [win32]

  '@yuku-toolchain/types@0.9.3':
    resolution: {integrity: sha512-rFE+5P4g2wxko5C85MugJOlVjBHEQq87dIkhLkniLXLp63PEtgaFjD954i5HXlfnyzLxPcZHsSOVDVgmo1HToA==}

  acorn@8.18.0:
    resolution: {integrity: sha512-lGq+9yr1/GuAWaVYIHRjvvySG5/4VfKIvC8EWxStPdcDh/Ka7FG3twP6v4d5BkravUilhIAsG4Qj83t02LWUPQ==}
    engines: {node: '>=0.4.0'}
    hasBin: true

  ansi-regex@6.2.2:
    resolution: {integrity: sha512-Bq3SmSpyFHaWjPk8If9yc6svM8c56dB5BAtW4Qbw5jHTwwXXcTLoRMkpDJp6VL0XzlWaCHTXrkFURMYmD0sLqg==}
    engines: {node: '>=12'}

  assertion-error@2.0.1:
    resolution: {integrity: sha512-Izi8RQcffqCeNVgFigKli1ssklIbpHnCYc6AknXGYoB6grJqyeby7jv12JUQgmTAnIDnbck1uxksT4dzN3PWBA==}
    engines: {node: '>=12'}

  baseline-browser-mapping@2.10.33:
    resolution: {integrity: sha512-bA6+tcSLpz2tIEdDXZPpPTIuxBcC4+w6SieaYyfigIa4h8GlFxbA17v22Vx3JUtuZQj9SgOsnbK+aTBzyDyEuw==}
    engines: {node: '>=6.0.0'}
    hasBin: true

  browserslist-to-es-version@1.4.2:
    resolution: {integrity: sha512-3NV13pCv0wmPxxZZcekHAG6vt8rQ94w2c4/UBe3ZU3NDUm5TP+QFK3rjS6XeKWSHWpnPYNfQzlhnljka0BrEOA==}
    hasBin: true

  browserslist@4.28.2:
    resolution: {integrity: sha512-48xSriZYYg+8qXna9kwqjIVzuQxi+KYWp2+5nCYnYKPTr0LvD89Jqk2Or5ogxz0NUMfIjhh2lIUX/LyX9B4oIg==}
    engines: {node: ^6 || ^7 || ^8 || ^9 || ^10 || ^11 || ^12 || >=13.7}
    hasBin: true

  caniuse-lite@1.0.30001793:
    resolution: {integrity: sha512-iwSsYWaCOoh26cV8NwNRViHlrfUvYsHDfRVcbtmw0Kg6PJIZZXwMkj1442FYLBGkeUf1juAsU3DTfxW579mrPA==}

  dom-serializer@3.1.1:
    resolution: {integrity: sha512-4MEa38/QexBob6gFNwu+EGdWvhJ1OKuNwdYY3Y3NyeWDQfnGeDYQUDfIRzWu5B5gsv03so2Uxd28YC6zrsx3Lw==}
    engines: {node: '>=20.19.0'}

  domelementtype@3.0.0:
    resolution: {integrity: sha512-umCQid3jKbDmVjx8jGaW7uUykm4DEUeyV21hPxNMo2nV955DhUThwqyOIDtreepP31hl84X7G5U9ZfsWvIB3Pg==}
    engines: {node: '>=20.19.0'}

  domhandler@6.0.1:
    resolution: {integrity: sha512-gYzvtM72ZtxQO0T048kd6HWSbbGCNOUwcnfQ01cqIJ4X2IYKFFHZ5mKvrQETcFXxsRObZulDaKmy//R7TPtsBg==}
    engines: {node: '>=20.19.0'}

  domutils@4.0.2:
    resolution: {integrity: sha512-qI4JLRKnSzqFqr7hAlS5xQDusBCjKSEG4t4+7aNrIQMHBcsC2TGEhuyABJdYkgSewL57PNLYEiibY2iPKhKpaA==}
    engines: {node: '>=20.19.0'}

  electron-to-chromium@1.5.364:
    resolution: {integrity: sha512-G/dYE3+AYhyHwzTwg8UbnXf7zqMERYh7l2jJ3QujhFsH8agSYwtnGAR2aZ7f0AakIKJXd5En/Hre4igIUrdlYw==}

  entities@8.0.0:
    resolution: {integrity: sha512-zwfzJecQ/Uej6tusMqwAqU/6KL2XaB2VZ2Jg54Je6ahNBGNH6Ek6g3jjNCF0fG9EWQKGZNddNjU5F1ZQn/sBnA==}
    engines: {node: '>=20.19.0'}

  escalade@3.2.0:
    resolution: {integrity: sha512-WUj2qlxaQtO4g6Pq5c29GTcWGDyd8itL8zTlipgECz3JesAiiOKotd8JU6otB3PACgG6xkJUyVhboMS+bje/jA==}
    engines: {node: '>=6'}

  htmlparser2@12.0.0:
    resolution: {integrity: sha512-Tz7u1i95/g2x2jz81+x0FBVhBhY5aRTvD3tXXdFaljuNdzDLJ8UGNRrTcj2cgQvAg3iW/h77Fz15nLW0L0CrZw==}
    engines: {node: '>=20.19.0'}

  node-releases@2.0.46:
    resolution: {integrity: sha512-GYVXHE2KnrzAfsAjl4uP++evGFCrAU1jta4ubEjIG7YWt/64Gqv66a30yKwWczVjA6j3bM4nBwH7Pk1JmDHaxQ==}
    engines: {node: '>=18'}

  picocolors@1.1.1:
    resolution: {integrity: sha512-xceH2snhtb5M9liqDsmEw56le376mTZkEX/jEb/RxNFyegNul7eNslCXP9FDj/Lcu0X8KEyMceP2ntpaHrDEVA==}

  picomatch@4.0.5:
    resolution: {integrity: sha512-RvwwcruNjI1ncT5xRakeyS9Lf8lcItv34KD+aif+VH9kduAyfYBipGh12274xtenIPZ119/R9BdTBa8gAwSh0A==}
    engines: {node: '>=12'}

  prettier@3.9.6:
    resolution: {integrity: sha512-OpN0zzVdiaiAhxpuuj5efpIS4sY9j7bY6uR5mnj5yPzGkdkjNKSJeUThPb60Jw29QuAZgA4o+/iB49kFiaBX6g==}
    engines: {node: '>=14'}
    hasBin: true

  rsbuild-plugin-dts@1.0.0-rc.2:
    resolution: {integrity: sha512-Mqalmu3j7UcDLUl3O5Y502V5Id6cbKyNn/nUxQIxar7gK2KjdPyw58WRfMQ7/4r4oHmeBeIgeSCb50M648ysoA==}
    engines: {node: ^20.19.0 || >=22.12.0}
    peerDependencies:
      '@microsoft/api-extractor': ^7
      '@rsbuild/core': ^2.0.0
      typescript: ^5 || ^6 || ^7
    peerDependenciesMeta:
      '@microsoft/api-extractor':
        optional: true
      typescript:
        optional: true

  rslog@2.3.0:
    resolution: {integrity: sha512-g2wW/ermwzGTLlzGdJBDRc4YKz2/yPBjf57w9g5CvhtpZ91Xq95OaWku0oNHYi+XsuV6v8QrCo2oJJR/pCUR8g==}
    engines: {node: ^20.19.0 || >=22.12.0}

  rstack@0.7.1:
    resolution: {integrity: sha512-/bInr/2dBshFVLXADduvjunK0HHaVUdhxQmq3nnrgJMhudsnFBLE1braGcSYi9NiohauL6ZkN+ChSC3R1Bs7Dg==}
    engines: {node: ^22.18.0 || >=24.3.0}
    hasBin: true
    peerDependencies:
      '@rspress/core': ^2.0.17
    peerDependenciesMeta:
      '@rspress/core':
        optional: true

  source-map@0.8.0:
    resolution: {integrity: sha512-d8EqvL+k/SOXCreS/SUzg2ciyHqBBLcN/yuRjFsbvVhHTE2pgei7oAhmPM7kWFbkX6OSMQfUq4KbkF3au9lhYQ==}
    engines: {node: '>= 12'}

  strip-ansi@7.2.0:
    resolution: {integrity: sha512-yDPMNjp4WyfYBkHnjIRLfca1i6KMyGCtsVgoKe/z1+6vukgaENdgGBZt+ZmKPc4gavvEZ5OgHfHdrazhgNyG7w==}
    engines: {node: '>=12'}

  tinypool@2.1.2:
    resolution: {integrity: sha512-9YodfrxS9g9IbFr/KOjE5bAeJ0p61n3bW6mqvy0jtoeKd1kTW1Cxm0oulm6KX2lyM9Gl6WIe8nEbY7LWv5ZJww==}
    engines: {node: ^20.0.0 || >=22.0.0}

  tslib@2.8.1:
    resolution: {integrity: sha512-oJFu94HQb+KVduSUQL7wnpmqnfmLsOA/nAh6b6EH0wCEoK0/mPeXU6c3wKDV83MkOuHPRHtSXKKU99IBazS/2w==}

  typescript@7.0.2:
    resolution: {integrity: sha512-8FYau96o3NKOhbjKi/qNvG/W5jhzxkbdm5sj9AbZ/5T5sWqn3hJgLfGx27sRKZWTvyzCP8dLRBTf5tBTSRVUNA==}
    engines: {node: '>=16.20.0'}
    hasBin: true

  undici-types@7.18.2:
    resolution: {integrity: sha512-AsuCzffGHJybSaRrmr5eHr81mwJU3kjw6M+uprWvCXiNeN9SOGwQ3Jn8jb8m3Z6izVgknn1R0FTCEAP2QrLY/w==}

  update-browserslist-db@1.2.3:
    resolution: {integrity: sha512-Js0m9cx+qOgDxo0eMiFGEueWztz+d4+M3rGlmKPT+T4IS/jP4ylw3Nwpu6cpTTP8R1MAC1kF4VbdLt3ARf209w==}
    hasBin: true
    peerDependencies:
      browserslist: '>= 4.21.0'

  yuku-ast@0.9.3:
    resolution: {integrity: sha512-Kt0PXlPCXdKF1fWFTl7N3DaxsVk6DHF8VAXHJMkwPtJnWYgbx20pYgGSweuC/86mIM7k1NUITQ4JffgOLUWTCw==}

  yuku-parser@0.9.1:
    resolution: {integrity: sha512-N4YmuFq7fPTaxhti0mC73nsmxYe30DKHlAxZdTYr4A88NAT3BckilMkuuusHofrfFSeswAdxfixcYy8MMhkvcQ==}

snapshots:

  '@ast-grep/napi-darwin-arm64@0.45.1':
    optional: true

  '@ast-grep/napi-darwin-x64@0.45.1':
    optional: true

  '@ast-grep/napi-linux-arm64-gnu@0.45.1':
    optional: true

  '@ast-grep/napi-linux-arm64-musl@0.45.1':
    optional: true

  '@ast-grep/napi-linux-x64-gnu@0.45.1':
    optional: true

  '@ast-grep/napi-linux-x64-musl@0.45.1':
    optional: true

  '@ast-grep/napi-win32-arm64-msvc@0.45.1':
    optional: true

  '@ast-grep/napi-win32-ia32-msvc@0.45.1':
    optional: true

  '@ast-grep/napi-win32-x64-msvc@0.45.1':
    optional: true

  '@ast-grep/napi@0.45.1':
    optionalDependencies:
      '@ast-grep/napi-darwin-arm64': 0.45.1
      '@ast-grep/napi-darwin-x64': 0.45.1
      '@ast-grep/napi-linux-arm64-gnu': 0.45.1
      '@ast-grep/napi-linux-arm64-musl': 0.45.1
      '@ast-grep/napi-linux-x64-gnu': 0.45.1
      '@ast-grep/napi-linux-x64-musl': 0.45.1
      '@ast-grep/napi-win32-arm64-msvc': 0.45.1
      '@ast-grep/napi-win32-ia32-msvc': 0.45.1
      '@ast-grep/napi-win32-x64-msvc': 0.45.1

  '@emnapi/core@1.11.3':
    dependencies:
      '@emnapi/wasi-threads': 1.2.3
      tslib: 2.8.1
    optional: true

  '@emnapi/runtime@1.11.3':
    dependencies:
      tslib: 2.8.1
    optional: true

  '@emnapi/wasi-threads@1.2.3':
    dependencies:
      tslib: 2.8.1
    optional: true

  '@napi-rs/wasm-runtime@1.1.6(@emnapi/core@1.11.3)(@emnapi/runtime@1.11.3)':
    dependencies:
      '@emnapi/core': 1.11.3
      '@emnapi/runtime': 1.11.3
      '@tybys/wasm-util': 0.10.3
    optional: true

  '@rsbuild/core@2.2.1':
    dependencies:
      '@rspack/core': 2.2.1(@swc/helpers@0.5.23)
      '@swc/helpers': 0.5.23
    transitivePeerDependencies:
      - '@module-federation/runtime-tools'

  '@rslib/core@1.0.0-rc.2(typescript@7.0.2)':
    dependencies:
      '@rsbuild/core': 2.2.1
      rsbuild-plugin-dts: 1.0.0-rc.2(@rsbuild/core@2.2.1)(typescript@7.0.2)
    optionalDependencies:
      typescript: 7.0.2
    transitivePeerDependencies:
      - '@module-federation/runtime-tools'
      - core-js

  '@rslint/core@0.9.0':
    dependencies:
      picomatch: 4.0.5
    optionalDependencies:
      '@rslint/native-darwin-arm64': 0.9.0
      '@rslint/native-darwin-x64': 0.9.0
      '@rslint/native-linux-arm64-gnu': 0.9.0
      '@rslint/native-linux-arm64-musl': 0.9.0
      '@rslint/native-linux-x64-gnu': 0.9.0
      '@rslint/native-linux-x64-musl': 0.9.0
      '@rslint/native-win32-arm64-msvc': 0.9.0
      '@rslint/native-win32-x64-msvc': 0.9.0

  '@rslint/native-darwin-arm64@0.9.0':
    optional: true

  '@rslint/native-darwin-x64@0.9.0':
    optional: true

  '@rslint/native-linux-arm64-gnu@0.9.0':
    optional: true

  '@rslint/native-linux-arm64-musl@0.9.0':
    optional: true

  '@rslint/native-linux-x64-gnu@0.9.0':
    optional: true

  '@rslint/native-linux-x64-musl@0.9.0':
    optional: true

  '@rslint/native-win32-arm64-msvc@0.9.0':
    optional: true

  '@rslint/native-win32-x64-msvc@0.9.0':
    optional: true

  '@rspack/binding-darwin-arm64@2.2.1':
    optional: true

  '@rspack/binding-darwin-x64@2.2.1':
    optional: true

  '@rspack/binding-linux-arm64-gnu@2.2.1':
    optional: true

  '@rspack/binding-linux-arm64-musl@2.2.1':
    optional: true

  '@rspack/binding-linux-ppc64-gnu@2.2.1':
    optional: true

  '@rspack/binding-linux-riscv64-gnu@2.2.1':
    optional: true

  '@rspack/binding-linux-riscv64-musl@2.2.1':
    optional: true

  '@rspack/binding-linux-s390x-gnu@2.2.1':
    optional: true

  '@rspack/binding-linux-x64-gnu@2.2.1':
    optional: true

  '@rspack/binding-linux-x64-musl@2.2.1':
    optional: true

  '@rspack/binding-wasm32-wasi@2.2.1':
    dependencies:
      '@emnapi/core': 1.11.3
      '@emnapi/runtime': 1.11.3
      '@napi-rs/wasm-runtime': 1.1.6(@emnapi/core@1.11.3)(@emnapi/runtime@1.11.3)
    optional: true

  '@rspack/binding-win32-arm64-msvc@2.2.1':
    optional: true

  '@rspack/binding-win32-ia32-msvc@2.2.1':
    optional: true

  '@rspack/binding-win32-x64-msvc@2.2.1':
    optional: true

  '@rspack/binding@2.2.1':
    optionalDependencies:
      '@rspack/binding-darwin-arm64': 2.2.1
      '@rspack/binding-darwin-x64': 2.2.1
      '@rspack/binding-linux-arm64-gnu': 2.2.1
      '@rspack/binding-linux-arm64-musl': 2.2.1
      '@rspack/binding-linux-ppc64-gnu': 2.2.1
      '@rspack/binding-linux-riscv64-gnu': 2.2.1
      '@rspack/binding-linux-riscv64-musl': 2.2.1
      '@rspack/binding-linux-s390x-gnu': 2.2.1
      '@rspack/binding-linux-x64-gnu': 2.2.1
      '@rspack/binding-linux-x64-musl': 2.2.1
      '@rspack/binding-wasm32-wasi': 2.2.1
      '@rspack/binding-win32-arm64-msvc': 2.2.1
      '@rspack/binding-win32-ia32-msvc': 2.2.1
      '@rspack/binding-win32-x64-msvc': 2.2.1

  '@rspack/cli@2.2.1(@rspack/core@2.2.1(@swc/helpers@0.5.23))':
    dependencies:
      '@rspack/core': 2.2.1(@swc/helpers@0.5.23)

  '@rspack/core@2.2.1(@swc/helpers@0.5.23)':
    dependencies:
      '@rspack/binding': 2.2.1
    optionalDependencies:
      '@swc/helpers': 0.5.23

  '@rstackjs/cli-darwin-arm64@0.7.1':
    optional: true

  '@rstackjs/cli-darwin-x64@0.7.1':
    optional: true

  '@rstackjs/cli-linux-arm64-gnu@0.7.1':
    optional: true

  '@rstackjs/cli-linux-arm64-musl@0.7.1':
    optional: true

  '@rstackjs/cli-linux-ppc64-gnu@0.7.1':
    optional: true

  '@rstackjs/cli-linux-riscv64-gnu@0.7.1':
    optional: true

  '@rstackjs/cli-linux-riscv64-musl@0.7.1':
    optional: true

  '@rstackjs/cli-linux-s390x-gnu@0.7.1':
    optional: true

  '@rstackjs/cli-linux-x64-gnu@0.7.1':
    optional: true

  '@rstackjs/cli-linux-x64-musl@0.7.1':
    optional: true

  '@rstackjs/cli-win32-arm64-msvc@0.7.1':
    optional: true

  '@rstackjs/cli-win32-ia32-msvc@0.7.1':
    optional: true

  '@rstackjs/cli-win32-x64-msvc@0.7.1':
    optional: true

  '@rstackjs/test-utils@0.2.0': {}

  '@rstest/core@0.11.11':
    dependencies:
      '@rsbuild/core': 2.2.1
      '@types/chai': 5.2.3
    transitivePeerDependencies:
      - '@module-federation/runtime-tools'
      - core-js

  '@swc/helpers@0.5.23':
    dependencies:
      tslib: 2.8.1

  '@tybys/wasm-util@0.10.3':
    dependencies:
      tslib: 2.8.1
    optional: true

  '@types/chai@5.2.3':
    dependencies:
      '@types/deep-eql': 4.0.2
      assertion-error: 2.0.1

  '@types/deep-eql@4.0.2': {}

  '@types/node@24.13.3':
    dependencies:
      undici-types: 7.18.2

  '@typescript/typescript-aix-ppc64@7.0.2':
    optional: true

  '@typescript/typescript-darwin-arm64@7.0.2':
    optional: true

  '@typescript/typescript-darwin-x64@7.0.2':
    optional: true

  '@typescript/typescript-freebsd-arm64@7.0.2':
    optional: true

  '@typescript/typescript-freebsd-x64@7.0.2':
    optional: true

  '@typescript/typescript-linux-arm64@7.0.2':
    optional: true

  '@typescript/typescript-linux-arm@7.0.2':
    optional: true

  '@typescript/typescript-linux-loong64@7.0.2':
    optional: true

  '@typescript/typescript-linux-mips64el@7.0.2':
    optional: true

  '@typescript/typescript-linux-ppc64@7.0.2':
    optional: true

  '@typescript/typescript-linux-riscv64@7.0.2':
    optional: true

  '@typescript/typescript-linux-s390x@7.0.2':
    optional: true

  '@typescript/typescript-linux-x64@7.0.2':
    optional: true

  '@typescript/typescript-netbsd-arm64@7.0.2':
    optional: true

  '@typescript/typescript-netbsd-x64@7.0.2':
    optional: true

  '@typescript/typescript-openbsd-arm64@7.0.2':
    optional: true

  '@typescript/typescript-openbsd-x64@7.0.2':
    optional: true

  '@typescript/typescript-sunos-x64@7.0.2':
    optional: true

  '@typescript/typescript-win32-arm64@7.0.2':
    optional: true

  '@typescript/typescript-win32-x64@7.0.2':
    optional: true

  '@yuku-parser/binding-android-arm64@0.9.1':
    optional: true

  '@yuku-parser/binding-darwin-arm64@0.9.1':
    optional: true

  '@yuku-parser/binding-darwin-x64@0.9.1':
    optional: true

  '@yuku-parser/binding-freebsd-x64@0.9.1':
    optional: true

  '@yuku-parser/binding-linux-arm-gnu@0.9.1':
    optional: true

  '@yuku-parser/binding-linux-arm-musl@0.9.1':
    optional: true

  '@yuku-parser/binding-linux-arm64-gnu@0.9.1':
    optional: true

  '@yuku-parser/binding-linux-arm64-musl@0.9.1':
    optional: true

  '@yuku-parser/binding-linux-x64-gnu@0.9.1':
    optional: true

  '@yuku-parser/binding-linux-x64-musl@0.9.1':
    optional: true

  '@yuku-parser/binding-win32-arm64@0.9.1':
    optional: true

  '@yuku-parser/binding-win32-x64@0.9.1':
    optional: true

  '@yuku-toolchain/types@0.9.3': {}

  acorn@8.18.0: {}

  ansi-regex@6.2.2: {}

  assertion-error@2.0.1: {}

  baseline-browser-mapping@2.10.33: {}

  browserslist-to-es-version@1.4.2:
    dependencies:
      browserslist: 4.28.2

  browserslist@4.28.2:
    dependencies:
      baseline-browser-mapping: 2.10.33
      caniuse-lite: 1.0.30001793
      electron-to-chromium: 1.5.364
      node-releases: 2.0.46
      update-browserslist-db: 1.2.3(browserslist@4.28.2)

  caniuse-lite@1.0.30001793: {}

  dom-serializer@3.1.1:
    dependencies:
      domelementtype: 3.0.0
      domhandler: 6.0.1
      entities: 8.0.0

  domelementtype@3.0.0: {}

  domhandler@6.0.1:
    dependencies:
      domelementtype: 3.0.0

  domutils@4.0.2:
    dependencies:
      dom-serializer: 3.1.1
      domelementtype: 3.0.0
      domhandler: 6.0.1

  electron-to-chromium@1.5.364: {}

  entities@8.0.0: {}

  escalade@3.2.0: {}

  htmlparser2@12.0.0:
    dependencies:
      domelementtype: 3.0.0
      domhandler: 6.0.1
      domutils: 4.0.2
      entities: 8.0.0

  node-releases@2.0.46: {}

  picocolors@1.1.1: {}

  picomatch@4.0.5: {}

  prettier@3.9.6: {}

  rsbuild-plugin-dts@1.0.0-rc.2(@rsbuild/core@2.2.1)(typescript@7.0.2):
    dependencies:
      '@ast-grep/napi': 0.45.1
      '@rsbuild/core': 2.2.1
    optionalDependencies:
      typescript: 7.0.2

  rslog@2.3.0: {}

  rstack@0.7.1(typescript@7.0.2):
    dependencies:
      '@rsbuild/core': 2.2.1
      '@rslib/core': 1.0.0-rc.2(typescript@7.0.2)
      '@rslint/core': 0.9.0
      '@rstest/core': 0.11.11
      prettier: 3.9.6
      tinypool: 2.1.2
      yuku-parser: 0.9.1
    optionalDependencies:
      '@rstackjs/cli-darwin-arm64': 0.7.1
      '@rstackjs/cli-darwin-x64': 0.7.1
      '@rstackjs/cli-linux-arm64-gnu': 0.7.1
      '@rstackjs/cli-linux-arm64-musl': 0.7.1
      '@rstackjs/cli-linux-ppc64-gnu': 0.7.1
      '@rstackjs/cli-linux-riscv64-gnu': 0.7.1
      '@rstackjs/cli-linux-riscv64-musl': 0.7.1
      '@rstackjs/cli-linux-s390x-gnu': 0.7.1
      '@rstackjs/cli-linux-x64-gnu': 0.7.1
      '@rstackjs/cli-linux-x64-musl': 0.7.1
      '@rstackjs/cli-win32-arm64-msvc': 0.7.1
      '@rstackjs/cli-win32-ia32-msvc': 0.7.1
      '@rstackjs/cli-win32-x64-msvc': 0.7.1
    transitivePeerDependencies:
      - '@microsoft/api-extractor'
      - '@module-federation/runtime-tools'
      - core-js
      - happy-dom
      - jiti
      - jsdom
      - typescript

  source-map@0.8.0: {}

  strip-ansi@7.2.0:
    dependencies:
      ansi-regex: 6.2.2

  tinypool@2.1.2: {}

  tslib@2.8.1: {}

  typescript@7.0.2:
    optionalDependencies:
      '@typescript/typescript-aix-ppc64': 7.0.2
      '@typescript/typescript-darwin-arm64': 7.0.2
      '@typescript/typescript-darwin-x64': 7.0.2
      '@typescript/typescript-freebsd-arm64': 7.0.2
      '@typescript/typescript-freebsd-x64': 7.0.2
      '@typescript/typescript-linux-arm': 7.0.2
      '@typescript/typescript-linux-arm64': 7.0.2
      '@typescript/typescript-linux-loong64': 7.0.2
      '@typescript/typescript-linux-mips64el': 7.0.2
      '@typescript/typescript-linux-ppc64': 7.0.2
      '@typescript/typescript-linux-riscv64': 7.0.2
      '@typescript/typescript-linux-s390x': 7.0.2
      '@typescript/typescript-linux-x64': 7.0.2
      '@typescript/typescript-netbsd-arm64': 7.0.2
      '@typescript/typescript-netbsd-x64': 7.0.2
      '@typescript/typescript-openbsd-arm64': 7.0.2
      '@typescript/typescript-openbsd-x64': 7.0.2
      '@typescript/typescript-sunos-x64': 7.0.2
      '@typescript/typescript-win32-arm64': 7.0.2
      '@typescript/typescript-win32-x64': 7.0.2

  undici-types@7.18.2: {}

  update-browserslist-db@1.2.3(browserslist@4.28.2):
    dependencies:
      browserslist: 4.28.2
      escalade: 3.2.0
      picocolors: 1.1.1

  yuku-ast@0.9.3:
    dependencies:
      '@yuku-toolchain/types': 0.9.3

  yuku-parser@0.9.1:
    dependencies:
      '@yuku-toolchain/types': 0.9.3
      yuku-ast: 0.9.3
    optionalDependencies:
      '@yuku-parser/binding-android-arm64': 0.9.1
      '@yuku-parser/binding-darwin-arm64': 0.9.1
      '@yuku-parser/binding-darwin-x64': 0.9.1
      '@yuku-parser/binding-freebsd-x64': 0.9.1
      '@yuku-parser/binding-linux-arm-gnu': 0.9.1
      '@yuku-parser/binding-linux-arm-musl': 0.9.1
      '@yuku-parser/binding-linux-arm64-gnu': 0.9.1
      '@yuku-parser/binding-linux-arm64-musl': 0.9.1
      '@yuku-parser/binding-linux-x64-gnu': 0.9.1
      '@yuku-parser/binding-linux-x64-musl': 0.9.1
      '@yuku-parser/binding-win32-arm64': 0.9.1
      '@yuku-parser/binding-win32-x64': 0.9.1
